<?xml version="1.0" encoding="utf-8"?>
<Project ToolsVersion="4.0" xmlns="http://schemas.microsoft.com/developer/msbuild/2003">
  <ItemGroup>
    <Filter Include="Source Files">
      <UniqueIdentifier>{4FC737F1-C7A5-4376-A066-2A32D752A2FF}</UniqueIdentifier>
      <Extensions>cpp;c;cc;cxx;def;odl;idl;hpj;bat;asm;asmx</Extensions>
    </Filter>
    <Filter Include="Header Files">
      <UniqueIdentifier>{93995380-89BD-4b04-88EB-625FBE52EBFB}</UniqueIdentifier>
      <Extensions>h;hh;hpp;hxx;hm;inl;inc;xsd</Extensions>
    </Filter>
    <Filter Include="Shaders">
      <UniqueIdentifier>{65a0d69c-2037-436e-8481-c4512555fbe5}</UniqueIdentifier>
    </Filter>
    <Filter Include="ImGui">
      <UniqueIdentifier>{ed590826-3583-4583-a4dc-80f1daeac5f8}</UniqueIdentifier>
    </Filter>
  </ItemGroup>
  <ItemGroup>
    <ClCompile Include="Main.cpp">
      <Filter>Source Files</Filter>
    </ClCompile>
    <ClCompile Include="DxRenderer.cpp">
      <Filter>Source Files</Filter>
    </ClCompile>
    <ClCompile Include="ImGui\imgui_impl_win32.cpp">
      <Filter>ImGui</Filter>
    </ClCompile>
    <ClCompile Include="ImGui\imgui_tables.cpp">
      <Filter>ImGui</Filter>
    </ClCompile>
    <ClCompile Include="ImGui\imgui_widgets.cpp">
      <Filter>ImGui</Filter>
    </ClCompile>
    <ClCompile Include="ImGui\imgui.cpp">
      <Filter>ImGui</Filter>
    </ClCompile>
    <ClCompile Include="ImGui\imgui_demo.cpp">
      <Filter>ImGui</Filter>
    </ClCompile>
    <ClCompile Include="ImGui\imgui_draw.cpp">
      <Filter>ImGui</Filter>
    </ClCompile>
    <ClCompile Include="ImGui\imgui_impl_dx11.cpp">
      <Filter>ImGui</Filter>
    </ClCompile>
    <ClCompile Include="Client.cpp">
      <Filter>Source Files</Filter>
    </ClCompile>
    <ClCompile Include="Win32Timer.cpp">
      <Filter>Source Files</Filter>
    </ClCompile>
    <ClCompile Include="Line.cpp">
      <Filter>Source Files</Filter>
    </ClCompile>
    <ClCompile Include="DxBuffer.cpp">
      <Filter>Source Files</Filter>
    </ClCompile>
    <ClCompile Include="DxTexture.cpp">
      <Filter>Source Files</Filter>
    </ClCompile>
    <ClCompile Include="GameData.cpp">
      <Filter>Source Files</Filter>
    </ClCompile>
    <ClCompile Include="Math.cpp">
      <Filter>Source Files</Filter>
    </ClCompile>
    <ClCompile Include="Image.cpp">
      <Filter>Source Files</Filter>
    </ClCompile>
    <ClCompile Include="AnimatedImage.cpp">
      <Filter>Source Files</Filter>
    </ClCompile>
    <ClCompile Include="Input.cpp">
      <Filter>Source Files</Filter>
    </ClCompile>
    <ClCompile Include="IImage.cpp">
      <Filter>Source Files</Filter>
    </ClCompile>
    <ClCompile Include="IRenderer.cpp">
      <Filter>Source Files</Filter>
    </ClCompile>
    <ClCompile Include="IObject2D.cpp">
      <Filter>Source Files</Filter>
    </ClCompile>
    <ClCompile Include="GameEvents.cpp">
      <Filter>Source Files</Filter>
    </ClCompile>
    <ClCompile Include="ModuleBuilder.cpp">
      <Filter>Source Files</Filter>
    </ClCompile>
    <ClCompile Include="TankModel.cpp">
      <Filter>Source Files</Filter>
    </ClCompile>
  </ItemGroup>
  <ItemGroup>
    <ClInclude Include="IGame.h">
      <Filter>Header Files</Filter>
    </ClInclude>
    <ClInclude Include="GameError.h">
      <Filter>Header Files</Filter>
    </ClInclude>
    <ClInclude Include="Client.h">
      <Filter>Header Files</Filter>
    </ClInclude>
    <ClInclude Include="GameData.h">
      <Filter>Header Files</Filter>
    </ClInclude>
    <ClInclude Include="IRenderer.h">
      <Filter>Header Files</Filter>
    </ClInclude>
    <ClInclude Include="DxRenderer.h">
      <Filter>Header Files</Filter>
    </ClInclude>
    <ClInclude Include="String.h">
      <Filter>Header Files</Filter>
    </ClInclude>
    <ClInclude Include="ITimer.h">
      <Filter>Header Files</Filter>
    </ClInclude>
    <ClInclude Include="Win32Timer.h">
      <Filter>Header Files</Filter>
    </ClInclude>
    <ClInclude Include="VecMath.h">
      <Filter>Header Files</Filter>
    </ClInclude>
    <ClInclude Include="Line.h">
      <Filter>Header Files</Filter>
    </ClInclude>
    <ClInclude Include="types.h">
      <Filter>Header Files</Filter>
    </ClInclude>
    <ClInclude Include="IBuffer.h">
      <Filter>Header Files</Filter>
    </ClInclude>
    <ClInclude Include="DxBuffer.h">
      <Filter>Header Files</Filter>
    </ClInclude>
    <ClInclude Include="Color.h">
      <Filter>Header Files</Filter>
    </ClInclude>
    <ClInclude Include="ITexture.h">
      <Filter>Header Files</Filter>
    </ClInclude>
    <ClInclude Include="DxTexture.h">
      <Filter>Header Files</Filter>
    </ClInclude>
    <ClInclude Include="Image.h">
      <Filter>Header Files</Filter>
    </ClInclude>
    <ClInclude Include="AnimatedImage.h">
      <Filter>Header Files</Filter>
    </ClInclude>
    <ClInclude Include="ITank.h">
      <Filter>Header Files</Filter>
    </ClInclude>
    <ClInclude Include="IPlayer.h">
      <Filter>Header Files</Filter>
    </ClInclude>
    <ClInclude Include="Input.h">
      <Filter>Header Files</Filter>
    </ClInclude>
    <ClInclude Include="keys.h">
      <Filter>Header Files</Filter>
    </ClInclude>
    <ClInclude Include="IImage.h">
      <Filter>Header Files</Filter>
    </ClInclude>
    <ClInclude Include="IObject2D.h">
      <Filter>Header Files</Filter>
    </ClInclude>
    <ClInclude Include="GameEvents.h">
      <Filter>Header Files</Filter>
    </ClInclude>
    <ClInclude Include="ModuleBuilder.h">
      <Filter>Header Files</Filter>
    </ClInclude>
    <ClInclude Include="TankModel.h">
      <Filter>Header Files</Filter>
    </ClInclude>
  </ItemGroup>
  <ItemGroup>
    <FxCompile Include="VertexShader.hlsl">
      <Filter>Shaders</Filter>
    </FxCompile>
    <FxCompile Include="PixelShader.hlsl">
      <Filter>Shaders</Filter>
    </FxCompile>
  </ItemGroup>
</Project>