<?xml version="1.0" encoding="utf-8"?>
<Project ToolsVersion="4.0" xmlns="http://schemas.microsoft.com/developer/msbuild/2003">
  <ItemGroup>
    <Filter Include="Source Files">
      <UniqueIdentifier>{4FC737F1-C7A5-4376-A066-2A32D752A2FF}</UniqueIdentifier>
      <Extensions>cpp;c;cc;cxx;def;odl;idl;hpj;bat;asm;asmx</Extensions>
    </Filter>
    <Filter Include="Header Files">
      <UniqueIdentifier>{93995380-89BD-4b04-88EB-625FBE52EBFB}</UniqueIdentifier>
      <Extensions>h;hh;hpp;hxx;hm;inl;inc;xsd</Extensions>
    </Filter>
    <Filter Include="Junk">
      <UniqueIdentifier>{3ebac050-19f0-4658-842d-aac5b7110684}</UniqueIdentifier>
    </Filter>
  </ItemGroup>
  <ItemGroup>
    <ClInclude Include="always.h">
      <Filter>Header Files</Filter>
    </ClInclude>
    <ClInclude Include="tankswar.h">
      <Filter>Header Files</Filter>
    </ClInclude>
    <ClInclude Include="player.h">
      <Filter>Header Files</Filter>
    </ClInclude>
    <ClInclude Include="menu.h">
      <Filter>Header Files</Filter>
    </ClInclude>
    <ClInclude Include="fileio.h">
      <Filter>Header Files</Filter>
    </ClInclude>
    <ClInclude Include="interface.h">
      <Filter>Header Files</Filter>
    </ClInclude>
    <ClInclude Include="structs.h">
      <Filter>Header Files</Filter>
    </ClInclude>
    <ClInclude Include="audio.h">
      <Filter>Junk</Filter>
    </ClInclude>
    <ClInclude Include="game.h">
      <Filter>Junk</Filter>
    </ClInclude>
    <ClInclude Include="gameerror.h">
      <Filter>Junk</Filter>
    </ClInclude>
    <ClInclude Include="graphics.h">
      <Filter>Junk</Filter>
    </ClInclude>
    <ClInclude Include="input.h">
      <Filter>Junk</Filter>
    </ClInclude>
    <ClInclude Include="fire.h">
      <Filter>Header Files</Filter>
    </ClInclude>
    <ClInclude Include="map.h">
      <Filter>Header Files</Filter>
    </ClInclude>
    <ClInclude Include="image.h">
      <Filter>Header Files</Filter>
    </ClInclude>
    <ClInclude Include="object.h">
      <Filter>Header Files</Filter>
    </ClInclude>
    <ClInclude Include="tank.h">
      <Filter>Header Files</Filter>
    </ClInclude>
    <ClInclude Include="unit.h">
      <Filter>Header Files</Filter>
    </ClInclude>
    <ClInclude Include="texture.h">
      <Filter>Header Files</Filter>
    </ClInclude>
    <ClInclude Include="texturemanger.h">
      <Filter>Header Files</Filter>
    </ClInclude>
    <ClInclude Include="remoteplayer.h">
      <Filter>Header Files</Filter>
    </ClInclude>
    <ClInclude Include="client.h">
      <Filter>Header Files</Filter>
    </ClInclude>
  </ItemGroup>
  <ItemGroup>
    <ClCompile Include="menu.cpp">
      <Filter>Source Files</Filter>
    </ClCompile>
    <ClCompile Include="fileio.cpp">
      <Filter>Source Files</Filter>
    </ClCompile>
    <ClCompile Include="interface.cpp">
      <Filter>Source Files</Filter>
    </ClCompile>
    <ClCompile Include="audio.cpp">
      <Filter>Junk</Filter>
    </ClCompile>
    <ClCompile Include="game.cpp">
      <Filter>Junk</Filter>
    </ClCompile>
    <ClCompile Include="graphics.cpp">
      <Filter>Junk</Filter>
    </ClCompile>
    <ClCompile Include="input.cpp">
      <Filter>Junk</Filter>
    </ClCompile>
    <ClCompile Include="winmain.cpp">
      <Filter>Junk</Filter>
    </ClCompile>
    <ClCompile Include="fire.cpp">
      <Filter>Source Files</Filter>
    </ClCompile>
    <ClCompile Include="image.cpp">
      <Filter>Source Files</Filter>
    </ClCompile>
    <ClCompile Include="map.cpp">
      <Filter>Source Files</Filter>
    </ClCompile>
    <ClCompile Include="tank.cpp">
      <Filter>Source Files</Filter>
    </ClCompile>
    <ClCompile Include="object.cpp">
      <Filter>Source Files</Filter>
    </ClCompile>
    <ClCompile Include="tankswar.cpp">
      <Filter>Source Files</Filter>
    </ClCompile>
    <ClCompile Include="unit.cpp">
      <Filter>Junk</Filter>
    </ClCompile>
    <ClCompile Include="texture.cpp">
      <Filter>Source Files</Filter>
    </ClCompile>
    <ClCompile Include="texturemanger.cpp">
      <Filter>Source Files</Filter>
    </ClCompile>
    <ClCompile Include="player.cpp">
      <Filter>Source Files</Filter>
    </ClCompile>
    <ClCompile Include="remoteplayer.cpp">
      <Filter>Source Files</Filter>
    </ClCompile>
    <ClCompile Include="client.cpp">
      <Filter>Source Files</Filter>
    </ClCompile>
  </ItemGroup>
</Project>