<?xml version="1.0" encoding="utf-8"?>
<Project ToolsVersion="4.0" xmlns="http://schemas.microsoft.com/developer/msbuild/2003">
  <ItemGroup>
    <Filter Include="Sources">
      <UniqueIdentifier>{5fd31ca3-5232-4b3a-80df-483d5396a5c7}</UniqueIdentifier>
    </Filter>
    <Filter Include="Headers">
      <UniqueIdentifier>{0fca867c-5ebd-4678-a3b9-0a8425850e1b}</UniqueIdentifier>
    </Filter>
    <Filter Include="Common">
      <UniqueIdentifier>{0cdfd130-34dc-4f04-baf1-ab54d16e2637}</UniqueIdentifier>
    </Filter>
    <Filter Include="Common\Headers">
      <UniqueIdentifier>{5f3b85db-e172-4885-bac2-babd5aba9822}</UniqueIdentifier>
    </Filter>
    <Filter Include="Common\Sources">
      <UniqueIdentifier>{5555a26d-28c2-4792-8d09-df570b9cd414}</UniqueIdentifier>
    </Filter>
  </ItemGroup>
  <ItemGroup>
    <ClInclude Include="..\common\constants.h">
      <Filter>Common\Headers</Filter>
    </ClInclude>
    <ClInclude Include="..\common\dirent.h">
      <Filter>Common\Headers</Filter>
    </ClInclude>
    <ClInclude Include="..\common\fileio.h">
      <Filter>Common\Headers</Filter>
    </ClInclude>
    <ClInclude Include="..\common\fire.h">
      <Filter>Common\Headers</Filter>
    </ClInclude>
    <ClInclude Include="..\common\game.h">
      <Filter>Common\Headers</Filter>
    </ClInclude>
    <ClInclude Include="..\common\gameerror.h">
      <Filter>Common\Headers</Filter>
    </ClInclude>
    <ClInclude Include="..\common\graphics.h">
      <Filter>Common\Headers</Filter>
    </ClInclude>
    <ClInclude Include="..\common\image.h">
      <Filter>Common\Headers</Filter>
    </ClInclude>
    <ClInclude Include="..\common\input.h">
      <Filter>Common\Headers</Filter>
    </ClInclude>
    <ClInclude Include="..\common\interface.h">
      <Filter>Common\Headers</Filter>
    </ClInclude>
    <ClInclude Include="..\common\map.h">
      <Filter>Common\Headers</Filter>
    </ClInclude>
    <ClInclude Include="..\common\menu.h">
      <Filter>Common\Headers</Filter>
    </ClInclude>
    <ClInclude Include="..\common\net.h">
      <Filter>Common\Headers</Filter>
    </ClInclude>
    <ClInclude Include="..\common\object.h">
      <Filter>Common\Headers</Filter>
    </ClInclude>
    <ClInclude Include="..\common\tank.h">
      <Filter>Common\Headers</Filter>
    </ClInclude>
    <ClInclude Include="..\common\texture.h">
      <Filter>Common\Headers</Filter>
    </ClInclude>
    <ClInclude Include="..\common\texturemanger.h">
      <Filter>Common\Headers</Filter>
    </ClInclude>
    <ClInclude Include="..\common\unit.h">
      <Filter>Common\Headers</Filter>
    </ClInclude>
    <ClInclude Include="..\common\audio.h">
      <Filter>Common\Headers</Filter>
    </ClInclude>
    <ClInclude Include="player.h">
      <Filter>Headers</Filter>
    </ClInclude>
    <ClInclude Include="remoteplayer.h">
      <Filter>Headers</Filter>
    </ClInclude>
    <ClInclude Include="tankswar.h">
      <Filter>Headers</Filter>
    </ClInclude>
    <ClInclude Include="client.h">
      <Filter>Headers</Filter>
    </ClInclude>
  </ItemGroup>
  <ItemGroup>
    <ClCompile Include="..\common\input.cpp">
      <Filter>Common\Sources</Filter>
    </ClCompile>
    <ClCompile Include="..\common\interface.cpp">
      <Filter>Common\Sources</Filter>
    </ClCompile>
    <ClCompile Include="..\common\map.cpp">
      <Filter>Common\Sources</Filter>
    </ClCompile>
    <ClCompile Include="..\common\menu.cpp">
      <Filter>Common\Sources</Filter>
    </ClCompile>
    <ClCompile Include="..\common\net.cpp">
      <Filter>Common\Sources</Filter>
    </ClCompile>
    <ClCompile Include="..\common\object.cpp">
      <Filter>Common\Sources</Filter>
    </ClCompile>
    <ClCompile Include="..\common\tank.cpp">
      <Filter>Common\Sources</Filter>
    </ClCompile>
    <ClCompile Include="..\common\texture.cpp">
      <Filter>Common\Sources</Filter>
    </ClCompile>
    <ClCompile Include="..\common\texturemanger.cpp">
      <Filter>Common\Sources</Filter>
    </ClCompile>
    <ClCompile Include="..\common\unit.cpp">
      <Filter>Common\Sources</Filter>
    </ClCompile>
    <ClCompile Include="..\common\audio.cpp">
      <Filter>Common\Sources</Filter>
    </ClCompile>
    <ClCompile Include="..\common\fileio.cpp">
      <Filter>Common\Sources</Filter>
    </ClCompile>
    <ClCompile Include="..\common\fire.cpp">
      <Filter>Common\Sources</Filter>
    </ClCompile>
    <ClCompile Include="..\common\game.cpp">
      <Filter>Common\Sources</Filter>
    </ClCompile>
    <ClCompile Include="..\common\graphics.cpp">
      <Filter>Common\Sources</Filter>
    </ClCompile>
    <ClCompile Include="..\common\image.cpp">
      <Filter>Common\Sources</Filter>
    </ClCompile>
    <ClCompile Include="client.cpp">
      <Filter>Sources</Filter>
    </ClCompile>
    <ClCompile Include="player.cpp">
      <Filter>Sources</Filter>
    </ClCompile>
    <ClCompile Include="remoteplayer.cpp">
      <Filter>Sources</Filter>
    </ClCompile>
    <ClCompile Include="tankswar.cpp">
      <Filter>Sources</Filter>
    </ClCompile>
    <ClCompile Include="winmain.cpp">
      <Filter>Sources</Filter>
    </ClCompile>
  </ItemGroup>
</Project>