<?xml version="1.0" encoding="utf-8"?>
<Project ToolsVersion="4.0" xmlns="http://schemas.microsoft.com/developer/msbuild/2003">
  <ItemGroup>
    <Filter Include="Headers">
      <UniqueIdentifier>{93995380-89BD-4b04-88EB-625FBE52EBFB}</UniqueIdentifier>
      <Extensions>h;hh;hpp;hxx;hm;inl;inc;xsd</Extensions>
    </Filter>
    <Filter Include="Sources">
      <UniqueIdentifier>{4FC737F1-C7A5-4376-A066-2A32D752A2FF}</UniqueIdentifier>
      <Extensions>cpp;c;cc;cxx;def;odl;idl;hpj;bat;asm;asmx</Extensions>
    </Filter>
    <Filter Include="Common">
      <UniqueIdentifier>{c514aad8-2981-4ef3-b6a1-1cf414e67ef1}</UniqueIdentifier>
    </Filter>
    <Filter Include="Common\Headers">
      <UniqueIdentifier>{da9b1ab1-a863-455d-8600-3a3a1accaf42}</UniqueIdentifier>
    </Filter>
    <Filter Include="Common\Sources">
      <UniqueIdentifier>{0a503122-9399-426b-a6b4-d36ba0bcda16}</UniqueIdentifier>
    </Filter>
    <Filter Include="Common\Sources\ImGui">
      <UniqueIdentifier>{55befb58-c10d-4388-8ff4-8c7531679165}</UniqueIdentifier>
    </Filter>
    <Filter Include="Common\Shaders">
      <UniqueIdentifier>{cf6c955b-26e2-4886-906c-c8a3af3f132c}</UniqueIdentifier>
    </Filter>
  </ItemGroup>
  <ItemGroup>
    <ClInclude Include="..\common\fileio.h">
      <Filter>Common\Headers</Filter>
    </ClInclude>
    <ClInclude Include="..\common\game.h">
      <Filter>Common\Headers</Filter>
    </ClInclude>
    <ClInclude Include="..\common\gameerror.h">
      <Filter>Common\Headers</Filter>
    </ClInclude>
    <ClInclude Include="..\common\gamemath.h">
      <Filter>Common\Headers</Filter>
    </ClInclude>
    <ClInclude Include="..\common\graphics.h">
      <Filter>Common\Headers</Filter>
    </ClInclude>
    <ClInclude Include="..\common\image.h">
      <Filter>Common\Headers</Filter>
    </ClInclude>
    <ClInclude Include="..\common\input.h">
      <Filter>Common\Headers</Filter>
    </ClInclude>
    <ClInclude Include="..\common\interface.h">
      <Filter>Common\Headers</Filter>
    </ClInclude>
    <ClInclude Include="..\common\map.h">
      <Filter>Common\Headers</Filter>
    </ClInclude>
    <ClInclude Include="..\common\net.h">
      <Filter>Common\Headers</Filter>
    </ClInclude>
    <ClInclude Include="..\common\object.h">
      <Filter>Common\Headers</Filter>
    </ClInclude>
    <ClInclude Include="..\common\player.h">
      <Filter>Common\Headers</Filter>
    </ClInclude>
    <ClInclude Include="..\common\serverplayer.h">
      <Filter>Common\Headers</Filter>
    </ClInclude>
    <ClInclude Include="..\common\tank.h">
      <Filter>Common\Headers</Filter>
    </ClInclude>
    <ClInclude Include="..\common\texture.h">
      <Filter>Common\Headers</Filter>
    </ClInclude>
    <ClInclude Include="..\common\texturemanger.h">
      <Filter>Common\Headers</Filter>
    </ClInclude>
    <ClInclude Include="..\common\timer.h">
      <Filter>Common\Headers</Filter>
    </ClInclude>
    <ClInclude Include="..\common\types.h">
      <Filter>Common\Headers</Filter>
    </ClInclude>
    <ClInclude Include="..\common\v3.h">
      <Filter>Common\Headers</Filter>
    </ClInclude>
    <ClInclude Include="..\common\audio.h">
      <Filter>Common\Headers</Filter>
    </ClInclude>
    <ClInclude Include="..\common\bullet.h">
      <Filter>Common\Headers</Filter>
    </ClInclude>
    <ClInclude Include="..\common\camera.h">
      <Filter>Common\Headers</Filter>
    </ClInclude>
    <ClInclude Include="..\common\crc32.h">
      <Filter>Common\Headers</Filter>
    </ClInclude>
    <ClInclude Include="..\common\data.h">
      <Filter>Common\Headers</Filter>
    </ClInclude>
    <ClInclude Include="..\common\dirent.h">
      <Filter>Common\Headers</Filter>
    </ClInclude>
    <ClInclude Include="..\common\dx11wrapper.h">
      <Filter>Common\Headers</Filter>
    </ClInclude>
    <ClInclude Include="tankswar.h">
      <Filter>Headers</Filter>
    </ClInclude>
    <ClInclude Include="client.h">
      <Filter>Headers</Filter>
    </ClInclude>
    <ClInclude Include="..\common\sprite.h">
      <Filter>Common\Headers</Filter>
    </ClInclude>
    <ClInclude Include="thisclient.h">
      <Filter>Headers</Filter>
    </ClInclude>
  </ItemGroup>
  <ItemGroup>
    <ClCompile Include="..\common\texturemanger.cpp">
      <Filter>Common\Sources</Filter>
    </ClCompile>
    <ClCompile Include="..\common\timer.cpp">
      <Filter>Common\Sources</Filter>
    </ClCompile>
    <ClCompile Include="..\common\v3.cpp">
      <Filter>Common\Sources</Filter>
    </ClCompile>
    <ClCompile Include="..\common\winmain.cpp">
      <Filter>Common\Sources</Filter>
    </ClCompile>
    <ClCompile Include="..\common\audio.cpp">
      <Filter>Common\Sources</Filter>
    </ClCompile>
    <ClCompile Include="..\common\bullet.cpp">
      <Filter>Common\Sources</Filter>
    </ClCompile>
    <ClCompile Include="..\common\camera.cpp">
      <Filter>Common\Sources</Filter>
    </ClCompile>
    <ClCompile Include="..\common\crc32.cpp">
      <Filter>Common\Sources</Filter>
    </ClCompile>
    <ClCompile Include="..\common\dx11wrapper.cpp">
      <Filter>Common\Sources</Filter>
    </ClCompile>
    <ClCompile Include="..\common\fileio.cpp">
      <Filter>Common\Sources</Filter>
    </ClCompile>
    <ClCompile Include="..\common\game.cpp">
      <Filter>Common\Sources</Filter>
    </ClCompile>
    <ClCompile Include="..\common\graphics.cpp">
      <Filter>Common\Sources</Filter>
    </ClCompile>
    <ClCompile Include="..\common\image.cpp">
      <Filter>Common\Sources</Filter>
    </ClCompile>
    <ClCompile Include="..\common\input.cpp">
      <Filter>Common\Sources</Filter>
    </ClCompile>
    <ClCompile Include="..\common\interface.cpp">
      <Filter>Common\Sources</Filter>
    </ClCompile>
    <ClCompile Include="..\common\map.cpp">
      <Filter>Common\Sources</Filter>
    </ClCompile>
    <ClCompile Include="..\common\net.cpp">
      <Filter>Common\Sources</Filter>
    </ClCompile>
    <ClCompile Include="..\common\object.cpp">
      <Filter>Common\Sources</Filter>
    </ClCompile>
    <ClCompile Include="..\common\player.cpp">
      <Filter>Common\Sources</Filter>
    </ClCompile>
    <ClCompile Include="..\common\serverplayer.cpp">
      <Filter>Common\Sources</Filter>
    </ClCompile>
    <ClCompile Include="..\common\tank.cpp">
      <Filter>Common\Sources</Filter>
    </ClCompile>
    <ClCompile Include="..\common\texture.cpp">
      <Filter>Common\Sources</Filter>
    </ClCompile>
    <ClCompile Include="..\common\imgui\imgui_demo.cpp">
      <Filter>Common\Sources\ImGui</Filter>
    </ClCompile>
    <ClCompile Include="..\common\imgui\imgui_draw.cpp">
      <Filter>Common\Sources\ImGui</Filter>
    </ClCompile>
    <ClCompile Include="..\common\imgui\imgui_impl_dx11.cpp">
      <Filter>Common\Sources\ImGui</Filter>
    </ClCompile>
    <ClCompile Include="..\common\imgui\imgui_impl_win32.cpp">
      <Filter>Common\Sources\ImGui</Filter>
    </ClCompile>
    <ClCompile Include="..\common\imgui\imgui_tables.cpp">
      <Filter>Common\Sources\ImGui</Filter>
    </ClCompile>
    <ClCompile Include="..\common\imgui\imgui_widgets.cpp">
      <Filter>Common\Sources\ImGui</Filter>
    </ClCompile>
    <ClCompile Include="..\common\imgui\imgui.cpp">
      <Filter>Common\Sources\ImGui</Filter>
    </ClCompile>
    <ClCompile Include="tankswar.cpp">
      <Filter>Sources</Filter>
    </ClCompile>
    <ClCompile Include="client.cpp">
      <Filter>Sources</Filter>
    </ClCompile>
    <ClCompile Include="..\common\sprite.cpp">
      <Filter>Common\Sources</Filter>
    </ClCompile>
    <ClCompile Include="thisclient.cpp">
      <Filter>Sources</Filter>
    </ClCompile>
  </ItemGroup>
  <ItemGroup>
    <FxCompile Include="..\common\collision.hlsl">
      <Filter>Common\Shaders</Filter>
    </FxCompile>
    <FxCompile Include="..\common\pixel.hlsl">
      <Filter>Common\Shaders</Filter>
    </FxCompile>
    <FxCompile Include="..\common\vertex.hlsl">
      <Filter>Common\Shaders</Filter>
    </FxCompile>
  </ItemGroup>
</Project>